
Microsoft Visual Studio Solution File, Format Version 11.00
# Visual C++ Express 2010
Project("{8BC9CEB8-8B4A-11D0-8D11-00A0C91BC942}") = "Gata_Test", "Gata_Test.vcxproj", "{4B3673B4-C61D-4E2D-9AE1-840C65E86608}"
	ProjectSection(ProjectDependencies) = postProject
		{F76F3259-E490-496C-9CC6-7AD3D8B0F606} = {F76F3259-E490-496C-9CC6-7AD3D8B0F606}
	EndProjectSection
EndProject
Project("{8BC9CEB8-8B4A-11D0-8D11-00A0C91BC942}") = "Gata", "..\..\..\Gata\prj\win32\Gata.vcxproj", "{F76F3259-E490-496C-9CC6-7AD3D8B0F606}"
EndProject
Global
	GlobalSection(SolutionConfigurationPlatforms) = preSolution
		Debug|Win32 = Debug|Win32
		Release|Win32 = Release|Win32
	EndGlobalSection
	GlobalSection(ProjectConfigurationPlatforms) = postSolution
		{4B3673B4-C61D-4E2D-9AE1-840C65E86608}.Debug|Win32.ActiveCfg = Debug|Win32
		{4B3673B4-C61D-4E2D-9AE1-840C65E86608}.Debug|Win32.Build.0 = Debug|Win32
		{4B3673B4-C61D-4E2D-9AE1-840C65E86608}.Release|Win32.ActiveCfg = Release|Win32
		{4B3673B4-C61D-4E2D-9AE1-840C65E86608}.Release|Win32.Build.0 = Release|Win32
		{F76F3259-E490-496C-9CC6-7AD3D8B0F606}.Debug|Win32.ActiveCfg = Debug|Win32
		{F76F3259-E490-496C-9CC6-7AD3D8B0F606}.Debug|Win32.Build.0 = Debug|Win32
		{F76F3259-E490-496C-9CC6-7AD3D8B0F606}.Release|Win32.ActiveCfg = Release|Win32
		{F76F3259-E490-496C-9CC6-7AD3D8B0F606}.Release|Win32.Build.0 = Release|Win32
	EndGlobalSection
	GlobalSection(SolutionProperties) = preSolution
		HideSolutionNode = FALSE
	EndGlobalSection
EndGlobal
