
Microsoft Visual Studio Solution File, Format Version 12.00
# Visual Studio Express 2013 for Windows Desktop
VisualStudioVersion = 12.0.21005.1
MinimumVisualStudioVersion = 10.0.40219.1
Project("{FAE04EC0-301F-11D3-BF4B-00C04F79EFBC}") = "CoolExpression", "CoolExpression\CoolExpression.csproj", "{B0F84059-E039-44EC-84FA-5D7899161C75}"
EndProject
Project("{FAE04EC0-301F-11D3-BF4B-00C04F79EFBC}") = "CETest", "CETest\CETest.csproj", "{29B1EDB4-3A9F-41FB-8EB9-E3B3275A285C}"
EndProject
Project("{FAE04EC0-301F-11D3-BF4B-00C04F79EFBC}") = "CELib", "CELib\CELib.csproj", "{66947A81-F7EE-4B2D-8801-A09520C60A54}"
EndProject
Global
	GlobalSection(SolutionConfigurationPlatforms) = preSolution
		Debug|Any CPU = Debug|Any CPU
		Release|Any CPU = Release|Any CPU
	EndGlobalSection
	GlobalSection(ProjectConfigurationPlatforms) = postSolution
		{B0F84059-E039-44EC-84FA-5D7899161C75}.Debug|Any CPU.ActiveCfg = Debug|Any CPU
		{B0F84059-E039-44EC-84FA-5D7899161C75}.Debug|Any CPU.Build.0 = Debug|Any CPU
		{B0F84059-E039-44EC-84FA-5D7899161C75}.Release|Any CPU.ActiveCfg = Release|Any CPU
		{B0F84059-E039-44EC-84FA-5D7899161C75}.Release|Any CPU.Build.0 = Release|Any CPU
		{29B1EDB4-3A9F-41FB-8EB9-E3B3275A285C}.Debug|Any CPU.ActiveCfg = Debug|Any CPU
		{29B1EDB4-3A9F-41FB-8EB9-E3B3275A285C}.Debug|Any CPU.Build.0 = Debug|Any CPU
		{29B1EDB4-3A9F-41FB-8EB9-E3B3275A285C}.Release|Any CPU.ActiveCfg = Release|Any CPU
		{29B1EDB4-3A9F-41FB-8EB9-E3B3275A285C}.Release|Any CPU.Build.0 = Release|Any CPU
		{66947A81-F7EE-4B2D-8801-A09520C60A54}.Debug|Any CPU.ActiveCfg = Debug|Any CPU
		{66947A81-F7EE-4B2D-8801-A09520C60A54}.Debug|Any CPU.Build.0 = Debug|Any CPU
		{66947A81-F7EE-4B2D-8801-A09520C60A54}.Release|Any CPU.ActiveCfg = Release|Any CPU
		{66947A81-F7EE-4B2D-8801-A09520C60A54}.Release|Any CPU.Build.0 = Release|Any CPU
	EndGlobalSection
	GlobalSection(SolutionProperties) = preSolution
		HideSolutionNode = FALSE
	EndGlobalSection
EndGlobal
