
Microsoft Visual Studio Solution File, Format Version 10.00
# Visual C# Express 2008
Project("{FAE04EC0-301F-11D3-BF4B-00C04F79EFBC}") = "PLog", "PLog.csproj", "{6886D22C-42E3-4FD2-A4D1-997AE0C2DB76}"
EndProject
Global
	GlobalSection(SolutionConfigurationPlatforms) = preSolution
		Debug|Any CPU = Debug|Any CPU
		Release|Any CPU = Release|Any CPU
	EndGlobalSection
	GlobalSection(ProjectConfigurationPlatforms) = postSolution
		{6886D22C-42E3-4FD2-A4D1-997AE0C2DB76}.Debug|Any CPU.ActiveCfg = Debug|Any CPU
		{6886D22C-42E3-4FD2-A4D1-997AE0C2DB76}.Debug|Any CPU.Build.0 = Debug|Any CPU
		{6886D22C-42E3-4FD2-A4D1-997AE0C2DB76}.Release|Any CPU.ActiveCfg = Release|Any CPU
		{6886D22C-42E3-4FD2-A4D1-997AE0C2DB76}.Release|Any CPU.Build.0 = Release|Any CPU
	EndGlobalSection
	GlobalSection(SolutionProperties) = preSolution
		HideSolutionNode = FALSE
	EndGlobalSection
EndGlobal
